
Microsoft Visual Studio Solution File, Format Version 12.00
# Visual Studio Version 16
VisualStudioVersion = 16.0.29709.97
MinimumVisualStudioVersion = 10.0.40219.1
Project("{FAE04EC0-301F-11D3-BF4B-00C04F79EFBC}") = "Seminarski", "Seminarski\Seminarski.csproj", "{FD10F8BF-7476-400A-B55F-4C1D3B2C34E8}"
EndProject
Global
	GlobalSection(SolutionConfigurationPlatforms) = preSolution
		Debug|Any CPU = Debug|Any CPU
		Release|Any CPU = Release|Any CPU
	EndGlobalSection
	GlobalSection(ProjectConfigurationPlatforms) = postSolution
		{FD10F8BF-7476-400A-B55F-4C1D3B2C34E8}.Debug|Any CPU.ActiveCfg = Debug|Any CPU
		{FD10F8BF-7476-400A-B55F-4C1D3B2C34E8}.Debug|Any CPU.Build.0 = Debug|Any CPU
		{FD10F8BF-7476-400A-B55F-4C1D3B2C34E8}.Release|Any CPU.ActiveCfg = Release|Any CPU
		{FD10F8BF-7476-400A-B55F-4C1D3B2C34E8}.Release|Any CPU.Build.0 = Release|Any CPU
	EndGlobalSection
	GlobalSection(SolutionProperties) = preSolution
		HideSolutionNode = FALSE
	EndGlobalSection
	GlobalSection(ExtensibilityGlobals) = postSolution
		SolutionGuid = {4D0E4267-16AA-4E4F-8D23-815B1C4AACA5}
	EndGlobalSection
EndGlobal
